// !$*UTF8*$!
{
	archiveVersion = 1;
	classes = {
	};
	objectVersion = 55;
	objects = {

/* Begin PBXBuildFile section */
		AC44F9992756A4CA002B1BB4 /* main.cpp in Sources */ = {isa = PBXBuildFile; fileRef = AC44F9982756A4CA002B1BB4 /* main.cpp */; };
		AC44F9E12756A9BD002B1BB4 /* grille.cpp in Sources */ = {isa = PBXBuildFile; fileRef = AC44F9DC2756A9BD002B1BB4 /* grille.cpp */; };
		AC44F9E22756A9BD002B1BB4 /* cible.cpp in Sources */ = {isa = PBXBuildFile; fileRef = AC44F9DE2756A9BD002B1BB4 /* cible.cpp */; };
		AC44F9F22756AA30002B1BB4 /* miroir.cpp in Sources */ = {isa = PBXBuildFile; fileRef = AC44F9E42756AA30002B1BB4 /* miroir.cpp */; };
		AC44F9F32756AA30002B1BB4 /* viewerOnTerminal.cpp in Sources */ = {isa = PBXBuildFile; fileRef = AC44F9E52756AA30002B1BB4 /* viewerOnTerminal.cpp */; };
		AC44F9F42756AA30002B1BB4 /* tireur.cpp in Sources */ = {isa = PBXBuildFile; fileRef = AC44F9E62756AA30002B1BB4 /* tireur.cpp */; };
		AC44F9F52756AA30002B1BB4 /* point.cpp in Sources */ = {isa = PBXBuildFile; fileRef = AC44F9E72756AA30002B1BB4 /* point.cpp */; };
		AC44F9F62756AA30002B1BB4 /* laser.cpp in Sources */ = {isa = PBXBuildFile; fileRef = AC44F9E92756AA30002B1BB4 /* laser.cpp */; };
		AC44F9F72756AA30002B1BB4 /* object.cpp in Sources */ = {isa = PBXBuildFile; fileRef = AC44F9EE2756AA30002B1BB4 /* object.cpp */; };
		AC44F9F82756AA30002B1BB4 /* wall.cpp in Sources */ = {isa = PBXBuildFile; fileRef = AC44F9F12756AA30002B1BB4 /* wall.cpp */; };
		AC4E0A352757C91100F09D16 /* ground.cpp in Sources */ = {isa = PBXBuildFile; fileRef = AC4E0A332757C91100F09D16 /* ground.cpp */; };
/* End PBXBuildFile section */

/* Begin PBXCopyFilesBuildPhase section */
		AC44F9932756A4CA002B1BB4 /* CopyFiles */ = {
			isa = PBXCopyFilesBuildPhase;
			buildActionMask = 2147483647;
			dstPath = /usr/share/man/man1/;
			dstSubfolderSpec = 0;
			files = (
			);
			runOnlyForDeploymentPostprocessing = 1;
		};
/* End PBXCopyFilesBuildPhase section */

/* Begin PBXFileReference section */
		AC44F9952756A4CA002B1BB4 /* Laser_Game */ = {isa = PBXFileReference; explicitFileType = "compiled.mach-o.executable"; includeInIndex = 0; path = Laser_Game; sourceTree = BUILT_PRODUCTS_DIR; };
		AC44F9982756A4CA002B1BB4 /* main.cpp */ = {isa = PBXFileReference; lastKnownFileType = sourcecode.cpp.cpp; path = main.cpp; sourceTree = "<group>"; };
		AC44F9DC2756A9BD002B1BB4 /* grille.cpp */ = {isa = PBXFileReference; fileEncoding = 4; lastKnownFileType = sourcecode.cpp.cpp; path = grille.cpp; sourceTree = "<group>"; };
		AC44F9DD2756A9BD002B1BB4 /* grille.h */ = {isa = PBXFileReference; fileEncoding = 4; lastKnownFileType = sourcecode.c.h; path = grille.h; sourceTree = "<group>"; };
		AC44F9DE2756A9BD002B1BB4 /* cible.cpp */ = {isa = PBXFileReference; fileEncoding = 4; lastKnownFileType = sourcecode.cpp.cpp; path = cible.cpp; sourceTree = "<group>"; };
		AC44F9E02756A9BD002B1BB4 /* cible.h */ = {isa = PBXFileReference; fileEncoding = 4; lastKnownFileType = sourcecode.c.h; path = cible.h; sourceTree = "<group>"; };
		AC44F9E32756AA30002B1BB4 /* object.h */ = {isa = PBXFileReference; fileEncoding = 4; lastKnownFileType = sourcecode.c.h; path = object.h; sourceTree = "<group>"; };
		AC44F9E42756AA30002B1BB4 /* miroir.cpp */ = {isa = PBXFileReference; fileEncoding = 4; lastKnownFileType = sourcecode.cpp.cpp; path = miroir.cpp; sourceTree = "<group>"; };
		AC44F9E52756AA30002B1BB4 /* viewerOnTerminal.cpp */ = {isa = PBXFileReference; fileEncoding = 4; lastKnownFileType = sourcecode.cpp.cpp; path = viewerOnTerminal.cpp; sourceTree = "<group>"; };
		AC44F9E62756AA30002B1BB4 /* tireur.cpp */ = {isa = PBXFileReference; fileEncoding = 4; lastKnownFileType = sourcecode.cpp.cpp; path = tireur.cpp; sourceTree = "<group>"; };
		AC44F9E72756AA30002B1BB4 /* point.cpp */ = {isa = PBXFileReference; fileEncoding = 4; lastKnownFileType = sourcecode.cpp.cpp; path = point.cpp; sourceTree = "<group>"; };
		AC44F9E82756AA30002B1BB4 /* viewerOnTerminal.h */ = {isa = PBXFileReference; fileEncoding = 4; lastKnownFileType = sourcecode.c.h; path = viewerOnTerminal.h; sourceTree = "<group>"; };
		AC44F9E92756AA30002B1BB4 /* laser.cpp */ = {isa = PBXFileReference; fileEncoding = 4; lastKnownFileType = sourcecode.cpp.cpp; path = laser.cpp; sourceTree = "<group>"; };
		AC44F9EA2756AA30002B1BB4 /* tireur.h */ = {isa = PBXFileReference; fileEncoding = 4; lastKnownFileType = sourcecode.c.h; path = tireur.h; sourceTree = "<group>"; };
		AC44F9EB2756AA30002B1BB4 /* laser.h */ = {isa = PBXFileReference; fileEncoding = 4; lastKnownFileType = sourcecode.c.h; path = laser.h; sourceTree = "<group>"; };
		AC44F9EC2756AA30002B1BB4 /* miroir.h */ = {isa = PBXFileReference; fileEncoding = 4; lastKnownFileType = sourcecode.c.h; path = miroir.h; sourceTree = "<group>"; };
		AC44F9ED2756AA30002B1BB4 /* viewer.h */ = {isa = PBXFileReference; fileEncoding = 4; lastKnownFileType = sourcecode.c.h; path = viewer.h; sourceTree = "<group>"; };
		AC44F9EE2756AA30002B1BB4 /* object.cpp */ = {isa = PBXFileReference; fileEncoding = 4; lastKnownFileType = sourcecode.cpp.cpp; path = object.cpp; sourceTree = "<group>"; };
		AC44F9EF2756AA30002B1BB4 /* wall.h */ = {isa = PBXFileReference; fileEncoding = 4; lastKnownFileType = sourcecode.c.h; path = wall.h; sourceTree = "<group>"; };
		AC44F9F02756AA30002B1BB4 /* point.h */ = {isa = PBXFileReference; fileEncoding = 4; lastKnownFileType = sourcecode.c.h; path = point.h; sourceTree = "<group>"; };
		AC44F9F12756AA30002B1BB4 /* wall.cpp */ = {isa = PBXFileReference; fileEncoding = 4; lastKnownFileType = sourcecode.cpp.cpp; path = wall.cpp; sourceTree = "<group>"; };
		AC4E0A332757C91100F09D16 /* ground.cpp */ = {isa = PBXFileReference; fileEncoding = 4; lastKnownFileType = sourcecode.cpp.cpp; path = ground.cpp; sourceTree = "<group>"; };
		AC4E0A342757C91100F09D16 /* ground.h */ = {isa = PBXFileReference; fileEncoding = 4; lastKnownFileType = sourcecode.c.h; path = ground.h; sourceTree = "<group>"; };
/* End PBXFileReference section */

/* Begin PBXFrameworksBuildPhase section */
		AC44F9922756A4CA002B1BB4 /* Frameworks */ = {
			isa = PBXFrameworksBuildPhase;
			buildActionMask = 2147483647;
			files = (
			);
			runOnlyForDeploymentPostprocessing = 0;
		};
/* End PBXFrameworksBuildPhase section */

/* Begin PBXGroup section */
		AC44F98C2756A4CA002B1BB4 = {
			isa = PBXGroup;
			children = (
				AC44F9972756A4CA002B1BB4 /* Laser_Game */,
				AC44F9962756A4CA002B1BB4 /* Products */,
			);
			sourceTree = "<group>";
		};
		AC44F9962756A4CA002B1BB4 /* Products */ = {
			isa = PBXGroup;
			children = (
				AC44F9952756A4CA002B1BB4 /* Laser_Game */,
			);
			name = Products;
			sourceTree = "<group>";
		};
		AC44F9972756A4CA002B1BB4 /* Laser_Game */ = {
			isa = PBXGroup;
			children = (
				AC4E0A332757C91100F09D16 /* ground.cpp */,
				AC4E0A342757C91100F09D16 /* ground.h */,
				AC44F9E92756AA30002B1BB4 /* laser.cpp */,
				AC44F9EB2756AA30002B1BB4 /* laser.h */,
				AC44F9E42756AA30002B1BB4 /* miroir.cpp */,
				AC44F9EC2756AA30002B1BB4 /* miroir.h */,
				AC44F9EE2756AA30002B1BB4 /* object.cpp */,
				AC44F9E32756AA30002B1BB4 /* object.h */,
				AC44F9E72756AA30002B1BB4 /* point.cpp */,
				AC44F9F02756AA30002B1BB4 /* point.h */,
				AC44F9E62756AA30002B1BB4 /* tireur.cpp */,
				AC44F9EA2756AA30002B1BB4 /* tireur.h */,
				AC44F9ED2756AA30002B1BB4 /* viewer.h */,
				AC44F9E52756AA30002B1BB4 /* viewerOnTerminal.cpp */,
				AC44F9E82756AA30002B1BB4 /* viewerOnTerminal.h */,
				AC44F9F12756AA30002B1BB4 /* wall.cpp */,
				AC44F9EF2756AA30002B1BB4 /* wall.h */,
				AC44F9DE2756A9BD002B1BB4 /* cible.cpp */,
				AC44F9E02756A9BD002B1BB4 /* cible.h */,
				AC44F9DC2756A9BD002B1BB4 /* grille.cpp */,
				AC44F9DD2756A9BD002B1BB4 /* grille.h */,
				AC44F9982756A4CA002B1BB4 /* main.cpp */,
			);
			path = Laser_Game;
			sourceTree = "<group>";
		};
/* End PBXGroup section */

/* Begin PBXNativeTarget section */
		AC44F9942756A4CA002B1BB4 /* Laser_Game */ = {
			isa = PBXNativeTarget;
			buildConfigurationList = AC44F99C2756A4CA002B1BB4 /* Build configuration list for PBXNativeTarget "Laser_Game" */;
			buildPhases = (
				AC44F9912756A4CA002B1BB4 /* Sources */,
				AC44F9922756A4CA002B1BB4 /* Frameworks */,
				AC44F9932756A4CA002B1BB4 /* CopyFiles */,
			);
			buildRules = (
			);
			dependencies = (
			);
			name = Laser_Game;
			productName = Laser_Game;
			productReference = AC44F9952756A4CA002B1BB4 /* Laser_Game */;
			productType = "com.apple.product-type.tool";
		};
/* End PBXNativeTarget section */

/* Begin PBXProject section */
		AC44F98D2756A4CA002B1BB4 /* Project object */ = {
			isa = PBXProject;
			attributes = {
				BuildIndependentTargetsInParallel = 1;
				LastUpgradeCheck = 1310;
				TargetAttributes = {
					AC44F9942756A4CA002B1BB4 = {
						CreatedOnToolsVersion = 13.1;
					};
				};
			};
			buildConfigurationList = AC44F9902756A4CA002B1BB4 /* Build configuration list for PBXProject "Laser_Game" */;
			compatibilityVersion = "Xcode 13.0";
			developmentRegion = en;
			hasScannedForEncodings = 0;
			knownRegions = (
				en,
				Base,
			);
			mainGroup = AC44F98C2756A4CA002B1BB4;
			productRefGroup = AC44F9962756A4CA002B1BB4 /* Products */;
			projectDirPath = "";
			projectRoot = "";
			targets = (
				AC44F9942756A4CA002B1BB4 /* Laser_Game */,
			);
		};
/* End PBXProject section */

/* Begin PBXSourcesBuildPhase section */
		AC44F9912756A4CA002B1BB4 /* Sources */ = {
			isa = PBXSourcesBuildPhase;
			buildActionMask = 2147483647;
			files = (
				AC44F9F42756AA30002B1BB4 /* tireur.cpp in Sources */,
				AC44F9F72756AA30002B1BB4 /* object.cpp in Sources */,
				AC44F9F62756AA30002B1BB4 /* laser.cpp in Sources */,
				AC44F9F82756AA30002B1BB4 /* wall.cpp in Sources */,
				AC44F9E22756A9BD002B1BB4 /* cible.cpp in Sources */,
				AC44F9F52756AA30002B1BB4 /* point.cpp in Sources */,
				AC44F9F22756AA30002B1BB4 /* miroir.cpp in Sources */,
				AC4E0A352757C91100F09D16 /* ground.cpp in Sources */,
				AC44F9E12756A9BD002B1BB4 /* grille.cpp in Sources */,
				AC44F9F32756AA30002B1BB4 /* viewerOnTerminal.cpp in Sources */,
				AC44F9992756A4CA002B1BB4 /* main.cpp in Sources */,
			);
			runOnlyForDeploymentPostprocessing = 0;
		};
/* End PBXSourcesBuildPhase section */

/* Begin XCBuildConfiguration section */
		AC44F99A2756A4CA002B1BB4 /* Debug */ = {
			isa = XCBuildConfiguration;
			buildSettings = {
				ALWAYS_SEARCH_USER_PATHS = NO;
				CLANG_ANALYZER_NONNULL = YES;
				CLANG_ANALYZER_NUMBER_OBJECT_CONVERSION = YES_AGGRESSIVE;
				CLANG_CXX_LANGUAGE_STANDARD = "gnu++17";
				CLANG_CXX_LIBRARY = "libc++";
				CLANG_ENABLE_MODULES = YES;
				CLANG_ENABLE_OBJC_ARC = YES;
				CLANG_ENABLE_OBJC_WEAK = YES;
				CLANG_WARN_BLOCK_CAPTURE_AUTORELEASING = YES;
				CLANG_WARN_BOOL_CONVERSION = YES;
				CLANG_WARN_COMMA = YES;
				CLANG_WARN_CONSTANT_CONVERSION = YES;
				CLANG_WARN_DEPRECATED_OBJC_IMPLEMENTATIONS = YES;
				CLANG_WARN_DIRECT_OBJC_ISA_USAGE = YES_ERROR;
				CLANG_WARN_DOCUMENTATION_COMMENTS = YES;
				CLANG_WARN_EMPTY_BODY = YES;
				CLANG_WARN_ENUM_CONVERSION = YES;
				CLANG_WARN_INFINITE_RECURSION = YES;
				CLANG_WARN_INT_CONVERSION = YES;
				CLANG_WARN_NON_LITERAL_NULL_CONVERSION = YES;
				CLANG_WARN_OBJC_IMPLICIT_RETAIN_SELF = YES;
				CLANG_WARN_OBJC_LITERAL_CONVERSION = YES;
				CLANG_WARN_OBJC_ROOT_CLASS = YES_ERROR;
				CLANG_WARN_QUOTED_INCLUDE_IN_FRAMEWORK_HEADER = YES;
				CLANG_WARN_RANGE_LOOP_ANALYSIS = YES;
				CLANG_WARN_STRICT_PROTOTYPES = YES;
				CLANG_WARN_SUSPICIOUS_MOVE = YES;
				CLANG_WARN_UNGUARDED_AVAILABILITY = YES_AGGRESSIVE;
				CLANG_WARN_UNREACHABLE_CODE = YES;
				CLANG_WARN__DUPLICATE_METHOD_MATCH = YES;
				COPY_PHASE_STRIP = NO;
				DEBUG_INFORMATION_FORMAT = dwarf;
				ENABLE_STRICT_OBJC_MSGSEND = YES;
				ENABLE_TESTABILITY = YES;
				GCC_C_LANGUAGE_STANDARD = gnu11;
				GCC_DYNAMIC_NO_PIC = NO;
				GCC_NO_COMMON_BLOCKS = YES;
				GCC_OPTIMIZATION_LEVEL = 0;
				GCC_PREPROCESSOR_DEFINITIONS = (
					"DEBUG=1",
					"$(inherited)",
				);
				GCC_WARN_64_TO_32_BIT_CONVERSION = YES;
				GCC_WARN_ABOUT_RETURN_TYPE = YES_ERROR;
				GCC_WARN_UNDECLARED_SELECTOR = YES;
				GCC_WARN_UNINITIALIZED_AUTOS = YES_AGGRESSIVE;
				GCC_WARN_UNUSED_FUNCTION = YES;
				GCC_WARN_UNUSED_VARIABLE = YES;
				MACOSX_DEPLOYMENT_TARGET = 12.0;
				MTL_ENABLE_DEBUG_INFO = INCLUDE_SOURCE;
				MTL_FAST_MATH = YES;
				ONLY_ACTIVE_ARCH = YES;
				SDKROOT = macosx;
			};
			name = Debug;
		};
		AC44F99B2756A4CA002B1BB4 /* Release */ = {
			isa = XCBuildConfiguration;
			buildSettings = {
				ALWAYS_SEARCH_USER_PATHS = NO;
				CLANG_ANALYZER_NONNULL = YES;
				CLANG_ANALYZER_NUMBER_OBJECT_CONVERSION = YES_AGGRESSIVE;
				CLANG_CXX_LANGUAGE_STANDARD = "gnu++17";
				CLANG_CXX_LIBRARY = "libc++";
				CLANG_ENABLE_MODULES = YES;
				CLANG_ENABLE_OBJC_ARC = YES;
				CLANG_ENABLE_OBJC_WEAK = YES;
				CLANG_WARN_BLOCK_CAPTURE_AUTORELEASING = YES;
				CLANG_WARN_BOOL_CONVERSION = YES;
				CLANG_WARN_COMMA = YES;
				CLANG_WARN_CONSTANT_CONVERSION = YES;
				CLANG_WARN_DEPRECATED_OBJC_IMPLEMENTATIONS = YES;
				CLANG_WARN_DIRECT_OBJC_ISA_USAGE = YES_ERROR;
				CLANG_WARN_DOCUMENTATION_COMMENTS = YES;
				CLANG_WARN_EMPTY_BODY = YES;
				CLANG_WARN_ENUM_CONVERSION = YES;
				CLANG_WARN_INFINITE_RECURSION = YES;
				CLANG_WARN_INT_CONVERSION = YES;
				CLANG_WARN_NON_LITERAL_NULL_CONVERSION = YES;
				CLANG_WARN_OBJC_IMPLICIT_RETAIN_SELF = YES;
				CLANG_WARN_OBJC_LITERAL_CONVERSION = YES;
				CLANG_WARN_OBJC_ROOT_CLASS = YES_ERROR;
				CLANG_WARN_QUOTED_INCLUDE_IN_FRAMEWORK_HEADER = YES;
				CLANG_WARN_RANGE_LOOP_ANALYSIS = YES;
				CLANG_WARN_STRICT_PROTOTYPES = YES;
				CLANG_WARN_SUSPICIOUS_MOVE = YES;
				CLANG_WARN_UNGUARDED_AVAILABILITY = YES_AGGRESSIVE;
				CLANG_WARN_UNREACHABLE_CODE = YES;
				CLANG_WARN__DUPLICATE_METHOD_MATCH = YES;
				COPY_PHASE_STRIP = NO;
				DEBUG_INFORMATION_FORMAT = "dwarf-with-dsym";
				ENABLE_NS_ASSERTIONS = NO;
				ENABLE_STRICT_OBJC_MSGSEND = YES;
				GCC_C_LANGUAGE_STANDARD = gnu11;
				GCC_NO_COMMON_BLOCKS = YES;
				GCC_WARN_64_TO_32_BIT_CONVERSION = YES;
				GCC_WARN_ABOUT_RETURN_TYPE = YES_ERROR;
				GCC_WARN_UNDECLARED_SELECTOR = YES;
				GCC_WARN_UNINITIALIZED_AUTOS = YES_AGGRESSIVE;
				GCC_WARN_UNUSED_FUNCTION = YES;
				GCC_WARN_UNUSED_VARIABLE = YES;
				MACOSX_DEPLOYMENT_TARGET = 12.0;
				MTL_ENABLE_DEBUG_INFO = NO;
				MTL_FAST_MATH = YES;
				SDKROOT = macosx;
			};
			name = Release;
		};
		AC44F99D2756A4CA002B1BB4 /* Debug */ = {
			isa = XCBuildConfiguration;
			buildSettings = {
				CODE_SIGN_STYLE = Automatic;
				PRODUCT_NAME = "$(TARGET_NAME)";
			};
			name = Debug;
		};
		AC44F99E2756A4CA002B1BB4 /* Release */ = {
			isa = XCBuildConfiguration;
			buildSettings = {
				CODE_SIGN_STYLE = Automatic;
				PRODUCT_NAME = "$(TARGET_NAME)";
			};
			name = Release;
		};
/* End XCBuildConfiguration section */

/* Begin XCConfigurationList section */
		AC44F9902756A4CA002B1BB4 /* Build configuration list for PBXProject "Laser_Game" */ = {
			isa = XCConfigurationList;
			buildConfigurations = (
				AC44F99A2756A4CA002B1BB4 /* Debug */,
				AC44F99B2756A4CA002B1BB4 /* Release */,
			);
			defaultConfigurationIsVisible = 0;
			defaultConfigurationName = Release;
		};
		AC44F99C2756A4CA002B1BB4 /* Build configuration list for PBXNativeTarget "Laser_Game" */ = {
			isa = XCConfigurationList;
			buildConfigurations = (
				AC44F99D2756A4CA002B1BB4 /* Debug */,
				AC44F99E2756A4CA002B1BB4 /* Release */,
			);
			defaultConfigurationIsVisible = 0;
			defaultConfigurationName = Release;
		};
/* End XCConfigurationList section */
	};
	rootObject = AC44F98D2756A4CA002B1BB4 /* Project object */;
}
